// !$*UTF8*$!
{
	archiveVersion = 1;
	classes = {
	};
	objectVersion = 46;
	objects = {

/* Begin PBXBuildFile section */
		965C26651DB017F900DDEA3A /* MovieDetailsViewController.swift in Sources */ = {isa = PBXBuildFile; fileRef = 965C26641DB017F900DDEA3A /* MovieDetailsViewController.swift */; };
		96CECADE1DAF57660077BB83 /* MovieCell.swift in Sources */ = {isa = PBXBuildFile; fileRef = 96CECADD1DAF57660077BB83 /* MovieCell.swift */; };
		96F5C30A1DAEC14800E7ADAD /* AppDelegate.swift in Sources */ = {isa = PBXBuildFile; fileRef = 96F5C3091DAEC14800E7ADAD /* AppDelegate.swift */; };
		96F5C30F1DAEC14800E7ADAD /* Main.storyboard in Resources */ = {isa = PBXBuildFile; fileRef = 96F5C30D1DAEC14800E7ADAD /* Main.storyboard */; };
		96F5C3111DAEC14800E7ADAD /* Assets.xcassets in Resources */ = {isa = PBXBuildFile; fileRef = 96F5C3101DAEC14800E7ADAD /* Assets.xcassets */; };
		96F5C3141DAEC14800E7ADAD /* LaunchScreen.storyboard in Resources */ = {isa = PBXBuildFile; fileRef = 96F5C3121DAEC14800E7ADAD /* LaunchScreen.storyboard */; };
		96F5C31C1DAEC20B00E7ADAD /* MoviesViewController.swift in Sources */ = {isa = PBXBuildFile; fileRef = 96F5C31B1DAEC20B00E7ADAD /* MoviesViewController.swift */; };
		AA6D54BBBEBC6AC7E35A1B45 /* Pods_MovieViewer.framework in Frameworks */ = {isa = PBXBuildFile; fileRef = 0EB22A8C7D08FEBE4DEC7E4F /* Pods_MovieViewer.framework */; };
/* End PBXBuildFile section */

/* Begin PBXFileReference section */
		0EB22A8C7D08FEBE4DEC7E4F /* Pods_MovieViewer.framework */ = {isa = PBXFileReference; explicitFileType = wrapper.framework; includeInIndex = 0; path = Pods_MovieViewer.framework; sourceTree = BUILT_PRODUCTS_DIR; };
		5FB9D2E6C76A73DE35CF4107 /* Pods-MovieViewer.release.xcconfig */ = {isa = PBXFileReference; includeInIndex = 1; lastKnownFileType = text.xcconfig; name = "Pods-MovieViewer.release.xcconfig"; path = "Pods/Target Support Files/Pods-MovieViewer/Pods-MovieViewer.release.xcconfig"; sourceTree = "<group>"; };
		965C26641DB017F900DDEA3A /* MovieDetailsViewController.swift */ = {isa = PBXFileReference; fileEncoding = 4; lastKnownFileType = sourcecode.swift; path = MovieDetailsViewController.swift; sourceTree = "<group>"; };
		96CECADD1DAF57660077BB83 /* MovieCell.swift */ = {isa = PBXFileReference; fileEncoding = 4; lastKnownFileType = sourcecode.swift; path = MovieCell.swift; sourceTree = "<group>"; };
		96F5C3061DAEC14800E7ADAD /* MovieViewer.app */ = {isa = PBXFileReference; explicitFileType = wrapper.application; includeInIndex = 0; path = MovieViewer.app; sourceTree = BUILT_PRODUCTS_DIR; };
		96F5C3091DAEC14800E7ADAD /* AppDelegate.swift */ = {isa = PBXFileReference; lastKnownFileType = sourcecode.swift; path = AppDelegate.swift; sourceTree = "<group>"; };
		96F5C30E1DAEC14800E7ADAD /* Base */ = {isa = PBXFileReference; lastKnownFileType = file.storyboard; name = Base; path = Base.lproj/Main.storyboard; sourceTree = "<group>"; };
		96F5C3101DAEC14800E7ADAD /* Assets.xcassets */ = {isa = PBXFileReference; lastKnownFileType = folder.assetcatalog; path = Assets.xcassets; sourceTree = "<group>"; };
		96F5C3131DAEC14800E7ADAD /* Base */ = {isa = PBXFileReference; lastKnownFileType = file.storyboard; name = Base; path = Base.lproj/LaunchScreen.storyboard; sourceTree = "<group>"; };
		96F5C3151DAEC14800E7ADAD /* Info.plist */ = {isa = PBXFileReference; lastKnownFileType = text.plist.xml; path = Info.plist; sourceTree = "<group>"; };
		96F5C31B1DAEC20B00E7ADAD /* MoviesViewController.swift */ = {isa = PBXFileReference; fileEncoding = 4; lastKnownFileType = sourcecode.swift; path = MoviesViewController.swift; sourceTree = "<group>"; };
		A5ADFA93668658D2710ACCAE /* Pods-MovieViewer.debug.xcconfig */ = {isa = PBXFileReference; includeInIndex = 1; lastKnownFileType = text.xcconfig; name = "Pods-MovieViewer.debug.xcconfig"; path = "Pods/Target Support Files/Pods-MovieViewer/Pods-MovieViewer.debug.xcconfig"; sourceTree = "<group>"; };
/* End PBXFileReference section */

/* Begin PBXFrameworksBuildPhase section */
		96F5C3031DAEC14800E7ADAD /* Frameworks */ = {
			isa = PBXFrameworksBuildPhase;
			buildActionMask = 2147483647;
			files = (
				AA6D54BBBEBC6AC7E35A1B45 /* Pods_MovieViewer.framework in Frameworks */,
			);
			runOnlyForDeploymentPostprocessing = 0;
		};
/* End PBXFrameworksBuildPhase section */

/* Begin PBXGroup section */
		1284E61B99984669E5690C82 /* Pods */ = {
			isa = PBXGroup;
			children = (
				A5ADFA93668658D2710ACCAE /* Pods-MovieViewer.debug.xcconfig */,
				5FB9D2E6C76A73DE35CF4107 /* Pods-MovieViewer.release.xcconfig */,
			);
			name = Pods;
			sourceTree = "<group>";
		};
		8F474CDD70BF318C6D8AE082 /* Frameworks */ = {
			isa = PBXGroup;
			children = (
				0EB22A8C7D08FEBE4DEC7E4F /* Pods_MovieViewer.framework */,
			);
			name = Frameworks;
			sourceTree = "<group>";
		};
		96CECADB1DAF53750077BB83 /* Views */ = {
			isa = PBXGroup;
			children = (
				96CECADD1DAF57660077BB83 /* MovieCell.swift */,
			);
			name = Views;
			sourceTree = "<group>";
		};
		96CECADC1DAF537A0077BB83 /* View Controllers */ = {
			isa = PBXGroup;
			children = (
				96F5C31B1DAEC20B00E7ADAD /* MoviesViewController.swift */,
				965C26641DB017F900DDEA3A /* MovieDetailsViewController.swift */,
			);
			name = "View Controllers";
			sourceTree = "<group>";
		};
		96F5C2FD1DAEC14800E7ADAD = {
			isa = PBXGroup;
			children = (
				96F5C3081DAEC14800E7ADAD /* MovieViewer */,
				96F5C3071DAEC14800E7ADAD /* Products */,
				1284E61B99984669E5690C82 /* Pods */,
				8F474CDD70BF318C6D8AE082 /* Frameworks */,
			);
			sourceTree = "<group>";
		};
		96F5C3071DAEC14800E7ADAD /* Products */ = {
			isa = PBXGroup;
			children = (
				96F5C3061DAEC14800E7ADAD /* MovieViewer.app */,
			);
			name = Products;
			sourceTree = "<group>";
		};
		96F5C3081DAEC14800E7ADAD /* MovieViewer */ = {
			isa = PBXGroup;
			children = (
				96CECADC1DAF537A0077BB83 /* View Controllers */,
				96CECADB1DAF53750077BB83 /* Views */,
				96F5C3091DAEC14800E7ADAD /* AppDelegate.swift */,
				96F5C30D1DAEC14800E7ADAD /* Main.storyboard */,
				96F5C3101DAEC14800E7ADAD /* Assets.xcassets */,
				96F5C3121DAEC14800E7ADAD /* LaunchScreen.storyboard */,
				96F5C3151DAEC14800E7ADAD /* Info.plist */,
			);
			path = MovieViewer;
			sourceTree = "<group>";
		};
/* End PBXGroup section */

/* Begin PBXNativeTarget section */
		96F5C3051DAEC14800E7ADAD /* MovieViewer */ = {
			isa = PBXNativeTarget;
			buildConfigurationList = 96F5C3181DAEC14800E7ADAD /* Build configuration list for PBXNativeTarget "MovieViewer" */;
			buildPhases = (
				F6C964EFCA1885DA01F10AB8 /* [CP] Check Pods Manifest.lock */,
				96F5C3021DAEC14800E7ADAD /* Sources */,
				96F5C3031DAEC14800E7ADAD /* Frameworks */,
				96F5C3041DAEC14800E7ADAD /* Resources */,
				C95928D4534B6E1B8E09BDA2 /* [CP] Embed Pods Frameworks */,
				010ABCEC6C7AF9BA47FC7B23 /* [CP] Copy Pods Resources */,
			);
			buildRules = (
			);
			dependencies = (
			);
			name = MovieViewer;
			productName = MovieViewer;
			productReference = 96F5C3061DAEC14800E7ADAD /* MovieViewer.app */;
			productType = "com.apple.product-type.application";
		};
/* End PBXNativeTarget section */

/* Begin PBXProject section */
		96F5C2FE1DAEC14800E7ADAD /* Project object */ = {
			isa = PBXProject;
			attributes = {
				LastSwiftUpdateCheck = 0800;
				LastUpgradeCheck = 0800;
				ORGANIZATIONNAME = jasonify;
				TargetAttributes = {
					96F5C3051DAEC14800E7ADAD = {
						CreatedOnToolsVersion = 8.0;
						DevelopmentTeam = P93ZKC5AFL;
						ProvisioningStyle = Automatic;
					};
				};
			};
			buildConfigurationList = 96F5C3011DAEC14800E7ADAD /* Build configuration list for PBXProject "MovieViewer" */;
			compatibilityVersion = "Xcode 3.2";
			developmentRegion = English;
			hasScannedForEncodings = 0;
			knownRegions = (
				en,
				Base,
			);
			mainGroup = 96F5C2FD1DAEC14800E7ADAD;
			productRefGroup = 96F5C3071DAEC14800E7ADAD /* Products */;
			projectDirPath = "";
			projectRoot = "";
			targets = (
				96F5C3051DAEC14800E7ADAD /* MovieViewer */,
			);
		};
/* End PBXProject section */

/* Begin PBXResourcesBuildPhase section */
		96F5C3041DAEC14800E7ADAD /* Resources */ = {
			isa = PBXResourcesBuildPhase;
			buildActionMask = 2147483647;
			files = (
				96F5C3141DAEC14800E7ADAD /* LaunchScreen.storyboard in Resources */,
				96F5C3111DAEC14800E7ADAD /* Assets.xcassets in Resources */,
				96F5C30F1DAEC14800E7ADAD /* Main.storyboard in Resources */,
			);
			runOnlyForDeploymentPostprocessing = 0;
		};
/* End PBXResourcesBuildPhase section */

/* Begin PBXShellScriptBuildPhase section */
		010ABCEC6C7AF9BA47FC7B23 /* [CP] Copy Pods Resources */ = {
			isa = PBXShellScriptBuildPhase;
			buildActionMask = 2147483647;
			files = (
			);
			inputPaths = (
			);
			name = "[CP] Copy Pods Resources";
			outputPaths = (
			);
			runOnlyForDeploymentPostprocessing = 0;
			shellPath = /bin/sh;
			shellScript = "\"${SRCROOT}/Pods/Target Support Files/Pods-MovieViewer/Pods-MovieViewer-resources.sh\"\n";
			showEnvVarsInLog = 0;
		};
		C95928D4534B6E1B8E09BDA2 /* [CP] Embed Pods Frameworks */ = {
			isa = PBXShellScriptBuildPhase;
			buildActionMask = 2147483647;
			files = (
			);
			inputPaths = (
			);
			name = "[CP] Embed Pods Frameworks";
			outputPaths = (
			);
			runOnlyForDeploymentPostprocessing = 0;
			shellPath = /bin/sh;
			shellScript = "\"${SRCROOT}/Pods/Target Support Files/Pods-MovieViewer/Pods-MovieViewer-frameworks.sh\"\n";
			showEnvVarsInLog = 0;
		};
		F6C964EFCA1885DA01F10AB8 /* [CP] Check Pods Manifest.lock */ = {
			isa = PBXShellScriptBuildPhase;
			buildActionMask = 2147483647;
			files = (
			);
			inputPaths = (
			);
			name = "[CP] Check Pods Manifest.lock";
			outputPaths = (
			);
			runOnlyForDeploymentPostprocessing = 0;
			shellPath = /bin/sh;
			shellScript = "diff \"${PODS_ROOT}/../Podfile.lock\" \"${PODS_ROOT}/Manifest.lock\" > /dev/null\nif [[ $? != 0 ]] ; then\n    cat << EOM\nerror: The sandbox is not in sync with the Podfile.lock. Run 'pod install' or update your CocoaPods installation.\nEOM\n    exit 1\nfi\n";
			showEnvVarsInLog = 0;
		};
/* End PBXShellScriptBuildPhase section */

/* Begin PBXSourcesBuildPhase section */
		96F5C3021DAEC14800E7ADAD /* Sources */ = {
			isa = PBXSourcesBuildPhase;
			buildActionMask = 2147483647;
			files = (
				965C26651DB017F900DDEA3A /* MovieDetailsViewController.swift in Sources */,
				96F5C30A1DAEC14800E7ADAD /* AppDelegate.swift in Sources */,
				96F5C31C1DAEC20B00E7ADAD /* MoviesViewController.swift in Sources */,
				96CECADE1DAF57660077BB83 /* MovieCell.swift in Sources */,
			);
			runOnlyForDeploymentPostprocessing = 0;
		};
/* End PBXSourcesBuildPhase section */

/* Begin PBXVariantGroup section */
		96F5C30D1DAEC14800E7ADAD /* Main.storyboard */ = {
			isa = PBXVariantGroup;
			children = (
				96F5C30E1DAEC14800E7ADAD /* Base */,
			);
			name = Main.storyboard;
			sourceTree = "<group>";
		};
		96F5C3121DAEC14800E7ADAD /* LaunchScreen.storyboard */ = {
			isa = PBXVariantGroup;
			children = (
				96F5C3131DAEC14800E7ADAD /* Base */,
			);
			name = LaunchScreen.storyboard;
			sourceTree = "<group>";
		};
/* End PBXVariantGroup section */

/* Begin XCBuildConfiguration section */
		96F5C3161DAEC14800E7ADAD /* Debug */ = {
			isa = XCBuildConfiguration;
			buildSettings = {
				ALWAYS_SEARCH_USER_PATHS = NO;
				CLANG_ANALYZER_NONNULL = YES;
				CLANG_CXX_LANGUAGE_STANDARD = "gnu++0x";
				CLANG_CXX_LIBRARY = "libc++";
				CLANG_ENABLE_MODULES = YES;
				CLANG_ENABLE_OBJC_ARC = YES;
				CLANG_WARN_BOOL_CONVERSION = YES;
				CLANG_WARN_CONSTANT_CONVERSION = YES;
				CLANG_WARN_DIRECT_OBJC_ISA_USAGE = YES_ERROR;
				CLANG_WARN_DOCUMENTATION_COMMENTS = YES;
				CLANG_WARN_EMPTY_BODY = YES;
				CLANG_WARN_ENUM_CONVERSION = YES;
				CLANG_WARN_INFINITE_RECURSION = YES;
				CLANG_WARN_INT_CONVERSION = YES;
				CLANG_WARN_OBJC_ROOT_CLASS = YES_ERROR;
				CLANG_WARN_SUSPICIOUS_MOVES = YES;
				CLANG_WARN_UNREACHABLE_CODE = YES;
				CLANG_WARN__DUPLICATE_METHOD_MATCH = YES;
				"CODE_SIGN_IDENTITY[sdk=iphoneos*]" = "iPhone Developer";
				COPY_PHASE_STRIP = NO;
				DEBUG_INFORMATION_FORMAT = dwarf;
				ENABLE_STRICT_OBJC_MSGSEND = YES;
				ENABLE_TESTABILITY = YES;
				GCC_C_LANGUAGE_STANDARD = gnu99;
				GCC_DYNAMIC_NO_PIC = NO;
				GCC_NO_COMMON_BLOCKS = YES;
				GCC_OPTIMIZATION_LEVEL = 0;
				GCC_PREPROCESSOR_DEFINITIONS = (
					"DEBUG=1",
					"$(inherited)",
				);
				GCC_WARN_64_TO_32_BIT_CONVERSION = YES;
				GCC_WARN_ABOUT_RETURN_TYPE = YES_ERROR;
				GCC_WARN_UNDECLARED_SELECTOR = YES;
				GCC_WARN_UNINITIALIZED_AUTOS = YES_AGGRESSIVE;
				GCC_WARN_UNUSED_FUNCTION = YES;
				GCC_WARN_UNUSED_VARIABLE = YES;
				IPHONEOS_DEPLOYMENT_TARGET = 10.0;
				MTL_ENABLE_DEBUG_INFO = YES;
				ONLY_ACTIVE_ARCH = YES;
				SDKROOT = iphoneos;
				SWIFT_ACTIVE_COMPILATION_CONDITIONS = DEBUG;
				SWIFT_OPTIMIZATION_LEVEL = "-Onone";
				TARGETED_DEVICE_FAMILY = "1,2";
			};
			name = Debug;
		};
		96F5C3171DAEC14800E7ADAD /* Release */ = {
			isa = XCBuildConfiguration;
			buildSettings = {
				ALWAYS_SEARCH_USER_PATHS = NO;
				CLANG_ANALYZER_NONNULL = YES;
				CLANG_CXX_LANGUAGE_STANDARD = "gnu++0x";
				CLANG_CXX_LIBRARY = "libc++";
				CLANG_ENABLE_MODULES = YES;
				CLANG_ENABLE_OBJC_ARC = YES;
				CLANG_WARN_BOOL_CONVERSION = YES;
				CLANG_WARN_CONSTANT_CONVERSION = YES;
				CLANG_WARN_DIRECT_OBJC_ISA_USAGE = YES_ERROR;
				CLANG_WARN_DOCUMENTATION_COMMENTS = YES;
				CLANG_WARN_EMPTY_BODY = YES;
				CLANG_WARN_ENUM_CONVERSION = YES;
				CLANG_WARN_INFINITE_RECURSION = YES;
				CLANG_WARN_INT_CONVERSION = YES;
				CLANG_WARN_OBJC_ROOT_CLASS = YES_ERROR;
				CLANG_WARN_SUSPICIOUS_MOVES = YES;
				CLANG_WARN_UNREACHABLE_CODE = YES;
				CLANG_WARN__DUPLICATE_METHOD_MATCH = YES;
				"CODE_SIGN_IDENTITY[sdk=iphoneos*]" = "iPhone Developer";
				COPY_PHASE_STRIP = NO;
				DEBUG_INFORMATION_FORMAT = "dwarf-with-dsym";
				ENABLE_NS_ASSERTIONS = NO;
				ENABLE_STRICT_OBJC_MSGSEND = YES;
				GCC_C_LANGUAGE_STANDARD = gnu99;
				GCC_NO_COMMON_BLOCKS = YES;
				GCC_WARN_64_TO_32_BIT_CONVERSION = YES;
				GCC_WARN_ABOUT_RETURN_TYPE = YES_ERROR;
				GCC_WARN_UNDECLARED_SELECTOR = YES;
				GCC_WARN_UNINITIALIZED_AUTOS = YES_AGGRESSIVE;
				GCC_WARN_UNUSED_FUNCTION = YES;
				GCC_WARN_UNUSED_VARIABLE = YES;
				IPHONEOS_DEPLOYMENT_TARGET = 10.0;
				MTL_ENABLE_DEBUG_INFO = NO;
				SDKROOT = iphoneos;
				SWIFT_OPTIMIZATION_LEVEL = "-Owholemodule";
				TARGETED_DEVICE_FAMILY = "1,2";
				VALIDATE_PRODUCT = YES;
			};
			name = Release;
		};
		96F5C3191DAEC14800E7ADAD /* Debug */ = {
			isa = XCBuildConfiguration;
			baseConfigurationReference = A5ADFA93668658D2710ACCAE /* Pods-MovieViewer.debug.xcconfig */;
			buildSettings = {
				ASSETCATALOG_COMPILER_APPICON_NAME = AppIcon;
				DEVELOPMENT_TEAM = P93ZKC5AFL;
				INFOPLIST_FILE = MovieViewer/Info.plist;
				LD_RUNPATH_SEARCH_PATHS = "$(inherited) @executable_path/Frameworks";
				PRODUCT_BUNDLE_IDENTIFIER = jasonify.MovieViewer;
				PRODUCT_NAME = "$(TARGET_NAME)";
				SWIFT_VERSION = 3.0;
			};
			name = Debug;
		};
		96F5C31A1DAEC14800E7ADAD /* Release */ = {
			isa = XCBuildConfiguration;
			baseConfigurationReference = 5FB9D2E6C76A73DE35CF4107 /* Pods-MovieViewer.release.xcconfig */;
			buildSettings = {
				ASSETCATALOG_COMPILER_APPICON_NAME = AppIcon;
				DEVELOPMENT_TEAM = P93ZKC5AFL;
				INFOPLIST_FILE = MovieViewer/Info.plist;
				LD_RUNPATH_SEARCH_PATHS = "$(inherited) @executable_path/Frameworks";
				PRODUCT_BUNDLE_IDENTIFIER = jasonify.MovieViewer;
				PRODUCT_NAME = "$(TARGET_NAME)";
				SWIFT_VERSION = 3.0;
			};
			name = Release;
		};
/* End XCBuildConfiguration section */

/* Begin XCConfigurationList section */
		96F5C3011DAEC14800E7ADAD /* Build configuration list for PBXProject "MovieViewer" */ = {
			isa = XCConfigurationList;
			buildConfigurations = (
				96F5C3161DAEC14800E7ADAD /* Debug */,
				96F5C3171DAEC14800E7ADAD /* Release */,
			);
			defaultConfigurationIsVisible = 0;
			defaultConfigurationName = Release;
		};
		96F5C3181DAEC14800E7ADAD /* Build configuration list for PBXNativeTarget "MovieViewer" */ = {
			isa = XCConfigurationList;
			buildConfigurations = (
				96F5C3191DAEC14800E7ADAD /* Debug */,
				96F5C31A1DAEC14800E7ADAD /* Release */,
			);
			defaultConfigurationIsVisible = 0;
			defaultConfigurationName = Release;
		};
/* End XCConfigurationList section */
	};
	rootObject = 96F5C2FE1DAEC14800E7ADAD /* Project object */;
}
